// !$*UTF8*$!
{
	archiveVersion = 1;
	classes = {
	};
	objectVersion = 46;
	objects = {

/* Begin PBXBuildFile section */
		C41806F6196D746A00A4CFD4 /* JCClubBuildDetailViewController.m in Sources */ = {isa = PBXBuildFile; fileRef = C41806F5196D746A00A4CFD4 /* JCClubBuildDetailViewController.m */; };
		C43050E6198040110056E353 /* Club.m in Sources */ = {isa = PBXBuildFile; fileRef = C43050E5198040110056E353 /* Club.m */; };
		C43050E9198041680056E353 /* School.m in Sources */ = {isa = PBXBuildFile; fileRef = C43050E8198041680056E353 /* School.m */; };
		C43050EC1980417B0056E353 /* Event.m in Sources */ = {isa = PBXBuildFile; fileRef = C43050EB1980417B0056E353 /* Event.m */; };
		C4486A9D1969D01C002A0AAF /* JCAllClubsTableViewController.m in Sources */ = {isa = PBXBuildFile; fileRef = C4486A9C1969D01C002A0AAF /* JCAllClubsTableViewController.m */; };
		C4486AA01969D493002A0AAF /* JCAllEventsTableViewController.m in Sources */ = {isa = PBXBuildFile; fileRef = C4486A9F1969D493002A0AAF /* JCAllEventsTableViewController.m */; };
		C4810981198245CD0097E5FD /* NSMutableArray+SWUtilityButtons.m in Sources */ = {isa = PBXBuildFile; fileRef = C4810976198245CD0097E5FD /* NSMutableArray+SWUtilityButtons.m */; };
		C4810982198245CD0097E5FD /* SWCellScrollView.m in Sources */ = {isa = PBXBuildFile; fileRef = C4810978198245CD0097E5FD /* SWCellScrollView.m */; };
		C4810983198245CD0097E5FD /* SWLongPressGestureRecognizer.m in Sources */ = {isa = PBXBuildFile; fileRef = C481097A198245CD0097E5FD /* SWLongPressGestureRecognizer.m */; };
		C4810984198245CD0097E5FD /* SWTableViewCell.m in Sources */ = {isa = PBXBuildFile; fileRef = C481097C198245CD0097E5FD /* SWTableViewCell.m */; };
		C4810985198245CD0097E5FD /* SWUtilityButtonTapGestureRecognizer.m in Sources */ = {isa = PBXBuildFile; fileRef = C481097E198245CD0097E5FD /* SWUtilityButtonTapGestureRecognizer.m */; };
		C4810986198245CD0097E5FD /* SWUtilityButtonView.m in Sources */ = {isa = PBXBuildFile; fileRef = C4810980198245CD0097E5FD /* SWUtilityButtonView.m */; };
		C4810990198328610097E5FD /* JCPostCreateViewController.m in Sources */ = {isa = PBXBuildFile; fileRef = C481098F198328610097E5FD /* JCPostCreateViewController.m */; };
		C4810996198378BF0097E5FD /* JCPostTableViewCell.m in Sources */ = {isa = PBXBuildFile; fileRef = C4810995198378BF0097E5FD /* JCPostTableViewCell.m */; };
		C492CC4A196D835500D98E94 /* JCEventEditViewController.m in Sources */ = {isa = PBXBuildFile; fileRef = C492CC49196D835500D98E94 /* JCEventEditViewController.m */; };
		C4A39D321964076900F8203F /* JCEventCreateViewController.m in Sources */ = {isa = PBXBuildFile; fileRef = C4A39D311964076900F8203F /* JCEventCreateViewController.m */; };
		C4A39D3819642D1A00F8203F /* JCPickClubTableViewController.m in Sources */ = {isa = PBXBuildFile; fileRef = C4A39D3719642D1A00F8203F /* JCPickClubTableViewController.m */; };
		C4A47113196B4E9700C9C31B /* JCAdminTableViewController.m in Sources */ = {isa = PBXBuildFile; fileRef = C4A47112196B4E9700C9C31B /* JCAdminTableViewController.m */; };
		C4BF68011978EF4C00D274FC /* JCClubEditViewController.m in Sources */ = {isa = PBXBuildFile; fileRef = C4BF68001978EF4C00D274FC /* JCClubEditViewController.m */; };
		C4D23B881962796A00F3C7C3 /* JCSchoolForRegister.m in Sources */ = {isa = PBXBuildFile; fileRef = C4D23B871962796A00F3C7C3 /* JCSchoolForRegister.m */; };
		C4D23B8C1962857500F3C7C3 /* JCBasicFunctionsTests.m in Sources */ = {isa = PBXBuildFile; fileRef = C4D23B8B1962857500F3C7C3 /* JCBasicFunctionsTests.m */; };
		C4D23B8F19629F7600F3C7C3 /* JCClubBuildViewController.m in Sources */ = {isa = PBXBuildFile; fileRef = C4D23B8E19629F7600F3C7C3 /* JCClubBuildViewController.m */; };
		C4D23B911962C3F500F3C7C3 /* JCClubBuildViewControllerTests.m in Sources */ = {isa = PBXBuildFile; fileRef = C4D23B901962C3F500F3C7C3 /* JCClubBuildViewControllerTests.m */; };
		C4D698DF1969A8B9007C5370 /* JCMenuTableViewController.m in Sources */ = {isa = PBXBuildFile; fileRef = C4D698DE1969A8B9007C5370 /* JCMenuTableViewController.m */; };
		C4D698E21969BE9C007C5370 /* JCCopyrightViewController.m in Sources */ = {isa = PBXBuildFile; fileRef = C4D698E11969BE9C007C5370 /* JCCopyrightViewController.m */; };
		C4D698E51969C338007C5370 /* SWRevealViewController.m in Sources */ = {isa = PBXBuildFile; fileRef = C4D698E41969C338007C5370 /* SWRevealViewController.m */; };
		C4F303B91960302B00EC723F /* Foundation.framework in Frameworks */ = {isa = PBXBuildFile; fileRef = C4F303B81960302B00EC723F /* Foundation.framework */; };
		C4F303BB1960302B00EC723F /* CoreGraphics.framework in Frameworks */ = {isa = PBXBuildFile; fileRef = C4F303BA1960302B00EC723F /* CoreGraphics.framework */; };
		C4F303BD1960302B00EC723F /* UIKit.framework in Frameworks */ = {isa = PBXBuildFile; fileRef = C4F303BC1960302B00EC723F /* UIKit.framework */; };
		C4F303C31960302B00EC723F /* InfoPlist.strings in Resources */ = {isa = PBXBuildFile; fileRef = C4F303C11960302B00EC723F /* InfoPlist.strings */; };
		C4F303C51960302B00EC723F /* main.m in Sources */ = {isa = PBXBuildFile; fileRef = C4F303C41960302B00EC723F /* main.m */; };
		C4F303C91960302B00EC723F /* JCAppDelegate.m in Sources */ = {isa = PBXBuildFile; fileRef = C4F303C81960302B00EC723F /* JCAppDelegate.m */; };
		C4F303CC1960302B00EC723F /* Main.storyboard in Resources */ = {isa = PBXBuildFile; fileRef = C4F303CA1960302B00EC723F /* Main.storyboard */; };
		C4F303D11960302B00EC723F /* Images.xcassets in Resources */ = {isa = PBXBuildFile; fileRef = C4F303D01960302B00EC723F /* Images.xcassets */; };
		C4F303D81960302B00EC723F /* XCTest.framework in Frameworks */ = {isa = PBXBuildFile; fileRef = C4F303D71960302B00EC723F /* XCTest.framework */; };
		C4F303D91960302B00EC723F /* Foundation.framework in Frameworks */ = {isa = PBXBuildFile; fileRef = C4F303B81960302B00EC723F /* Foundation.framework */; };
		C4F303DA1960302B00EC723F /* UIKit.framework in Frameworks */ = {isa = PBXBuildFile; fileRef = C4F303BC1960302B00EC723F /* UIKit.framework */; };
		C4F303E21960302B00EC723F /* InfoPlist.strings in Resources */ = {isa = PBXBuildFile; fileRef = C4F303E01960302B00EC723F /* InfoPlist.strings */; };
		C4F303E41960302B00EC723F /* ClubHubTests.m in Sources */ = {isa = PBXBuildFile; fileRef = C4F303E31960302B00EC723F /* ClubHubTests.m */; };
		C4F303EF1960312800EC723F /* JCLogInViewController.m in Sources */ = {isa = PBXBuildFile; fileRef = C4F303EE1960312800EC723F /* JCLogInViewController.m */; };
		C4F303F21960444D00EC723F /* JCRegisterViewController.m in Sources */ = {isa = PBXBuildFile; fileRef = C4F303F11960444D00EC723F /* JCRegisterViewController.m */; };
		C4F303F419604D4700EC723F /* Parse.framework in Frameworks */ = {isa = PBXBuildFile; fileRef = C4F303F319604D4700EC723F /* Parse.framework */; };
		C4F303F619604D9400EC723F /* AudioToolbox.framework in Frameworks */ = {isa = PBXBuildFile; fileRef = C4F303F519604D9400EC723F /* AudioToolbox.framework */; };
		C4F303F819604D9E00EC723F /* CFNetwork.framework in Frameworks */ = {isa = PBXBuildFile; fileRef = C4F303F719604D9E00EC723F /* CFNetwork.framework */; };
		C4F303FA19604DAF00EC723F /* CoreLocation.framework in Frameworks */ = {isa = PBXBuildFile; fileRef = C4F303F919604DAF00EC723F /* CoreLocation.framework */; };
		C4F303FC19604DB900EC723F /* libz.dylib in Frameworks */ = {isa = PBXBuildFile; fileRef = C4F303FB19604DB900EC723F /* libz.dylib */; };
		C4F303FE19604DC200EC723F /* MobileCoreServices.framework in Frameworks */ = {isa = PBXBuildFile; fileRef = C4F303FD19604DC200EC723F /* MobileCoreServices.framework */; };
		C4F3040019604DCB00EC723F /* QuartzCore.framework in Frameworks */ = {isa = PBXBuildFile; fileRef = C4F303FF19604DCB00EC723F /* QuartzCore.framework */; };
		C4F3040219604DD200EC723F /* Security.framework in Frameworks */ = {isa = PBXBuildFile; fileRef = C4F3040119604DD200EC723F /* Security.framework */; };
		C4F3040419604DDA00EC723F /* StoreKit.framework in Frameworks */ = {isa = PBXBuildFile; fileRef = C4F3040319604DD900EC723F /* StoreKit.framework */; };
		C4F3040619604DE300EC723F /* SystemConfiguration.framework in Frameworks */ = {isa = PBXBuildFile; fileRef = C4F3040519604DE300EC723F /* SystemConfiguration.framework */; };
		C4F3040C196070E900EC723F /* JCClubTableViewController.m in Sources */ = {isa = PBXBuildFile; fileRef = C4F3040B196070E900EC723F /* JCClubTableViewController.m */; };
		C4F3040F196075B300EC723F /* JCEventTableViewController.m in Sources */ = {isa = PBXBuildFile; fileRef = C4F3040E196075B300EC723F /* JCEventTableViewController.m */; };
		C4F3041219607A6500EC723F /* JCClubDetailViewController.m in Sources */ = {isa = PBXBuildFile; fileRef = C4F3041119607A6500EC723F /* JCClubDetailViewController.m */; };
		C4F3041819607B1E00EC723F /* JCClubTableViewCell.m in Sources */ = {isa = PBXBuildFile; fileRef = C4F3041719607B1E00EC723F /* JCClubTableViewCell.m */; };
		C4F3041F1961354400EC723F /* JCEventDetailViewController.m in Sources */ = {isa = PBXBuildFile; fileRef = C4F3041E1961354400EC723F /* JCEventDetailViewController.m */; };
		C4F3042219613AB800EC723F /* JCEventTableViewCell.m in Sources */ = {isa = PBXBuildFile; fileRef = C4F3042119613AB800EC723F /* JCEventTableViewCell.m */; };
/* End PBXBuildFile section */

/* Begin PBXContainerItemProxy section */
		C4F303DB1960302B00EC723F /* PBXContainerItemProxy */ = {
			isa = PBXContainerItemProxy;
			containerPortal = C4F303AD1960302B00EC723F /* Project object */;
			proxyType = 1;
			remoteGlobalIDString = C4F303B41960302B00EC723F;
			remoteInfo = ClubHub;
		};
/* End PBXContainerItemProxy section */

/* Begin PBXFileReference section */
		C41806F4196D746A00A4CFD4 /* JCClubBuildDetailViewController.h */ = {isa = PBXFileReference; fileEncoding = 4; lastKnownFileType = sourcecode.c.h; path = JCClubBuildDetailViewController.h; sourceTree = "<group>"; };
		C41806F5196D746A00A4CFD4 /* JCClubBuildDetailViewController.m */ = {isa = PBXFileReference; fileEncoding = 4; lastKnownFileType = sourcecode.c.objc; path = JCClubBuildDetailViewController.m; sourceTree = "<group>"; };
		C43050E4198040110056E353 /* Club.h */ = {isa = PBXFileReference; fileEncoding = 4; lastKnownFileType = sourcecode.c.h; path = Club.h; sourceTree = "<group>"; };
		C43050E5198040110056E353 /* Club.m */ = {isa = PBXFileReference; fileEncoding = 4; lastKnownFileType = sourcecode.c.objc; path = Club.m; sourceTree = "<group>"; };
		C43050E7198041680056E353 /* School.h */ = {isa = PBXFileReference; fileEncoding = 4; lastKnownFileType = sourcecode.c.h; path = School.h; sourceTree = "<group>"; };
		C43050E8198041680056E353 /* School.m */ = {isa = PBXFileReference; fileEncoding = 4; lastKnownFileType = sourcecode.c.objc; path = School.m; sourceTree = "<group>"; };
		C43050EA1980417B0056E353 /* Event.h */ = {isa = PBXFileReference; fileEncoding = 4; lastKnownFileType = sourcecode.c.h; path = Event.h; sourceTree = "<group>"; };
		C43050EB1980417B0056E353 /* Event.m */ = {isa = PBXFileReference; fileEncoding = 4; lastKnownFileType = sourcecode.c.objc; path = Event.m; sourceTree = "<group>"; };
		C4486A9B1969D01C002A0AAF /* JCAllClubsTableViewController.h */ = {isa = PBXFileReference; fileEncoding = 4; lastKnownFileType = sourcecode.c.h; path = JCAllClubsTableViewController.h; sourceTree = "<group>"; };
		C4486A9C1969D01C002A0AAF /* JCAllClubsTableViewController.m */ = {isa = PBXFileReference; fileEncoding = 4; lastKnownFileType = sourcecode.c.objc; path = JCAllClubsTableViewController.m; sourceTree = "<group>"; };
		C4486A9E1969D493002A0AAF /* JCAllEventsTableViewController.h */ = {isa = PBXFileReference; fileEncoding = 4; lastKnownFileType = sourcecode.c.h; path = JCAllEventsTableViewController.h; sourceTree = "<group>"; };
		C4486A9F1969D493002A0AAF /* JCAllEventsTableViewController.m */ = {isa = PBXFileReference; fileEncoding = 4; lastKnownFileType = sourcecode.c.objc; path = JCAllEventsTableViewController.m; sourceTree = "<group>"; };
		C4810975198245CD0097E5FD /* NSMutableArray+SWUtilityButtons.h */ = {isa = PBXFileReference; fileEncoding = 4; lastKnownFileType = sourcecode.c.h; path = "NSMutableArray+SWUtilityButtons.h"; sourceTree = "<group>"; };
		C4810976198245CD0097E5FD /* NSMutableArray+SWUtilityButtons.m */ = {isa = PBXFileReference; fileEncoding = 4; lastKnownFileType = sourcecode.c.objc; path = "NSMutableArray+SWUtilityButtons.m"; sourceTree = "<group>"; };
		C4810977198245CD0097E5FD /* SWCellScrollView.h */ = {isa = PBXFileReference; fileEncoding = 4; lastKnownFileType = sourcecode.c.h; path = SWCellScrollView.h; sourceTree = "<group>"; };
		C4810978198245CD0097E5FD /* SWCellScrollView.m */ = {isa = PBXFileReference; fileEncoding = 4; lastKnownFileType = sourcecode.c.objc; path = SWCellScrollView.m; sourceTree = "<group>"; };
		C4810979198245CD0097E5FD /* SWLongPressGestureRecognizer.h */ = {isa = PBXFileReference; fileEncoding = 4; lastKnownFileType = sourcecode.c.h; path = SWLongPressGestureRecognizer.h; sourceTree = "<group>"; };
		C481097A198245CD0097E5FD /* SWLongPressGestureRecognizer.m */ = {isa = PBXFileReference; fileEncoding = 4; lastKnownFileType = sourcecode.c.objc; path = SWLongPressGestureRecognizer.m; sourceTree = "<group>"; };
		C481097B198245CD0097E5FD /* SWTableViewCell.h */ = {isa = PBXFileReference; fileEncoding = 4; lastKnownFileType = sourcecode.c.h; path = SWTableViewCell.h; sourceTree = "<group>"; };
		C481097C198245CD0097E5FD /* SWTableViewCell.m */ = {isa = PBXFileReference; fileEncoding = 4; lastKnownFileType = sourcecode.c.objc; path = SWTableViewCell.m; sourceTree = "<group>"; };
		C481097D198245CD0097E5FD /* SWUtilityButtonTapGestureRecognizer.h */ = {isa = PBXFileReference; fileEncoding = 4; lastKnownFileType = sourcecode.c.h; path = SWUtilityButtonTapGestureRecognizer.h; sourceTree = "<group>"; };
		C481097E198245CD0097E5FD /* SWUtilityButtonTapGestureRecognizer.m */ = {isa = PBXFileReference; fileEncoding = 4; lastKnownFileType = sourcecode.c.objc; path = SWUtilityButtonTapGestureRecognizer.m; sourceTree = "<group>"; };
		C481097F198245CD0097E5FD /* SWUtilityButtonView.h */ = {isa = PBXFileReference; fileEncoding = 4; lastKnownFileType = sourcecode.c.h; path = SWUtilityButtonView.h; sourceTree = "<group>"; };
		C4810980198245CD0097E5FD /* SWUtilityButtonView.m */ = {isa = PBXFileReference; fileEncoding = 4; lastKnownFileType = sourcecode.c.objc; path = SWUtilityButtonView.m; sourceTree = "<group>"; };
		C481098E198328610097E5FD /* JCPostCreateViewController.h */ = {isa = PBXFileReference; fileEncoding = 4; lastKnownFileType = sourcecode.c.h; path = JCPostCreateViewController.h; sourceTree = "<group>"; };
		C481098F198328610097E5FD /* JCPostCreateViewController.m */ = {isa = PBXFileReference; fileEncoding = 4; lastKnownFileType = sourcecode.c.objc; path = JCPostCreateViewController.m; sourceTree = "<group>"; };
		C4810994198378BF0097E5FD /* JCPostTableViewCell.h */ = {isa = PBXFileReference; fileEncoding = 4; lastKnownFileType = sourcecode.c.h; path = JCPostTableViewCell.h; sourceTree = "<group>"; };
		C4810995198378BF0097E5FD /* JCPostTableViewCell.m */ = {isa = PBXFileReference; fileEncoding = 4; lastKnownFileType = sourcecode.c.objc; path = JCPostTableViewCell.m; sourceTree = "<group>"; };
		C492CC48196D835500D98E94 /* JCEventEditViewController.h */ = {isa = PBXFileReference; fileEncoding = 4; lastKnownFileType = sourcecode.c.h; path = JCEventEditViewController.h; sourceTree = "<group>"; };
		C492CC49196D835500D98E94 /* JCEventEditViewController.m */ = {isa = PBXFileReference; fileEncoding = 4; lastKnownFileType = sourcecode.c.objc; path = JCEventEditViewController.m; sourceTree = "<group>"; };
		C4A39D301964076900F8203F /* JCEventCreateViewController.h */ = {isa = PBXFileReference; fileEncoding = 4; lastKnownFileType = sourcecode.c.h; path = JCEventCreateViewController.h; sourceTree = "<group>"; };
		C4A39D311964076900F8203F /* JCEventCreateViewController.m */ = {isa = PBXFileReference; fileEncoding = 4; lastKnownFileType = sourcecode.c.objc; path = JCEventCreateViewController.m; sourceTree = "<group>"; };
		C4A39D3619642D1A00F8203F /* JCPickClubTableViewController.h */ = {isa = PBXFileReference; fileEncoding = 4; lastKnownFileType = sourcecode.c.h; path = JCPickClubTableViewController.h; sourceTree = "<group>"; };
		C4A39D3719642D1A00F8203F /* JCPickClubTableViewController.m */ = {isa = PBXFileReference; fileEncoding = 4; lastKnownFileType = sourcecode.c.objc; path = JCPickClubTableViewController.m; sourceTree = "<group>"; };
		C4A47111196B4E9700C9C31B /* JCAdminTableViewController.h */ = {isa = PBXFileReference; fileEncoding = 4; lastKnownFileType = sourcecode.c.h; path = JCAdminTableViewController.h; sourceTree = "<group>"; };
		C4A47112196B4E9700C9C31B /* JCAdminTableViewController.m */ = {isa = PBXFileReference; fileEncoding = 4; lastKnownFileType = sourcecode.c.objc; path = JCAdminTableViewController.m; sourceTree = "<group>"; };
		C4BF67FF1978EF4C00D274FC /* JCClubEditViewController.h */ = {isa = PBXFileReference; fileEncoding = 4; lastKnownFileType = sourcecode.c.h; path = JCClubEditViewController.h; sourceTree = "<group>"; };
		C4BF68001978EF4C00D274FC /* JCClubEditViewController.m */ = {isa = PBXFileReference; fileEncoding = 4; lastKnownFileType = sourcecode.c.objc; path = JCClubEditViewController.m; sourceTree = "<group>"; };
		C4D23B861962796A00F3C7C3 /* JCSchoolForRegister.h */ = {isa = PBXFileReference; fileEncoding = 4; lastKnownFileType = sourcecode.c.h; path = JCSchoolForRegister.h; sourceTree = "<group>"; };
		C4D23B871962796A00F3C7C3 /* JCSchoolForRegister.m */ = {isa = PBXFileReference; fileEncoding = 4; lastKnownFileType = sourcecode.c.objc; path = JCSchoolForRegister.m; sourceTree = "<group>"; };
		C4D23B8B1962857500F3C7C3 /* JCBasicFunctionsTests.m */ = {isa = PBXFileReference; fileEncoding = 4; lastKnownFileType = sourcecode.c.objc; path = JCBasicFunctionsTests.m; sourceTree = "<group>"; };
		C4D23B8D19629F7600F3C7C3 /* JCClubBuildViewController.h */ = {isa = PBXFileReference; fileEncoding = 4; lastKnownFileType = sourcecode.c.h; path = JCClubBuildViewController.h; sourceTree = "<group>"; };
		C4D23B8E19629F7600F3C7C3 /* JCClubBuildViewController.m */ = {isa = PBXFileReference; fileEncoding = 4; lastKnownFileType = sourcecode.c.objc; path = JCClubBuildViewController.m; sourceTree = "<group>"; };
		C4D23B901962C3F500F3C7C3 /* JCClubBuildViewControllerTests.m */ = {isa = PBXFileReference; fileEncoding = 4; lastKnownFileType = sourcecode.c.objc; path = JCClubBuildViewControllerTests.m; sourceTree = "<group>"; };
		C4D698DD1969A8B9007C5370 /* JCMenuTableViewController.h */ = {isa = PBXFileReference; fileEncoding = 4; lastKnownFileType = sourcecode.c.h; path = JCMenuTableViewController.h; sourceTree = "<group>"; };
		C4D698DE1969A8B9007C5370 /* JCMenuTableViewController.m */ = {isa = PBXFileReference; fileEncoding = 4; lastKnownFileType = sourcecode.c.objc; path = JCMenuTableViewController.m; sourceTree = "<group>"; };
		C4D698E01969BE9C007C5370 /* JCCopyrightViewController.h */ = {isa = PBXFileReference; fileEncoding = 4; lastKnownFileType = sourcecode.c.h; path = JCCopyrightViewController.h; sourceTree = "<group>"; };
		C4D698E11969BE9C007C5370 /* JCCopyrightViewController.m */ = {isa = PBXFileReference; fileEncoding = 4; lastKnownFileType = sourcecode.c.objc; path = JCCopyrightViewController.m; sourceTree = "<group>"; };
		C4D698E31969C338007C5370 /* SWRevealViewController.h */ = {isa = PBXFileReference; fileEncoding = 4; lastKnownFileType = sourcecode.c.h; path = SWRevealViewController.h; sourceTree = "<group>"; };
		C4D698E41969C338007C5370 /* SWRevealViewController.m */ = {isa = PBXFileReference; fileEncoding = 4; lastKnownFileType = sourcecode.c.objc; path = SWRevealViewController.m; sourceTree = "<group>"; };
		C4F303B51960302B00EC723F /* ClubHub.app */ = {isa = PBXFileReference; explicitFileType = wrapper.application; includeInIndex = 0; path = ClubHub.app; sourceTree = BUILT_PRODUCTS_DIR; };
		C4F303B81960302B00EC723F /* Foundation.framework */ = {isa = PBXFileReference; lastKnownFileType = wrapper.framework; name = Foundation.framework; path = System/Library/Frameworks/Foundation.framework; sourceTree = SDKROOT; };
		C4F303BA1960302B00EC723F /* CoreGraphics.framework */ = {isa = PBXFileReference; lastKnownFileType = wrapper.framework; name = CoreGraphics.framework; path = System/Library/Frameworks/CoreGraphics.framework; sourceTree = SDKROOT; };
		C4F303BC1960302B00EC723F /* UIKit.framework */ = {isa = PBXFileReference; lastKnownFileType = wrapper.framework; name = UIKit.framework; path = System/Library/Frameworks/UIKit.framework; sourceTree = SDKROOT; };
		C4F303C01960302B00EC723F /* ClubHub-Info.plist */ = {isa = PBXFileReference; lastKnownFileType = text.plist.xml; path = "ClubHub-Info.plist"; sourceTree = "<group>"; };
		C4F303C21960302B00EC723F /* en */ = {isa = PBXFileReference; lastKnownFileType = text.plist.strings; name = en; path = en.lproj/InfoPlist.strings; sourceTree = "<group>"; };
		C4F303C41960302B00EC723F /* main.m */ = {isa = PBXFileReference; lastKnownFileType = sourcecode.c.objc; path = main.m; sourceTree = "<group>"; };
		C4F303C61960302B00EC723F /* ClubHub-Prefix.pch */ = {isa = PBXFileReference; lastKnownFileType = sourcecode.c.h; path = "ClubHub-Prefix.pch"; sourceTree = "<group>"; };
		C4F303C71960302B00EC723F /* JCAppDelegate.h */ = {isa = PBXFileReference; lastKnownFileType = sourcecode.c.h; path = JCAppDelegate.h; sourceTree = "<group>"; };
		C4F303C81960302B00EC723F /* JCAppDelegate.m */ = {isa = PBXFileReference; lastKnownFileType = sourcecode.c.objc; path = JCAppDelegate.m; sourceTree = "<group>"; };
		C4F303CB1960302B00EC723F /* Base */ = {isa = PBXFileReference; lastKnownFileType = file.storyboard; name = Base; path = Base.lproj/Main.storyboard; sourceTree = "<group>"; };
		C4F303D01960302B00EC723F /* Images.xcassets */ = {isa = PBXFileReference; lastKnownFileType = folder.assetcatalog; path = Images.xcassets; sourceTree = "<group>"; };
		C4F303D61960302B00EC723F /* ClubHubTests.xctest */ = {isa = PBXFileReference; explicitFileType = wrapper.cfbundle; includeInIndex = 0; path = ClubHubTests.xctest; sourceTree = BUILT_PRODUCTS_DIR; };
		C4F303D71960302B00EC723F /* XCTest.framework */ = {isa = PBXFileReference; lastKnownFileType = wrapper.framework; name = XCTest.framework; path = Library/Frameworks/XCTest.framework; sourceTree = DEVELOPER_DIR; };
		C4F303DF1960302B00EC723F /* ClubHubTests-Info.plist */ = {isa = PBXFileReference; lastKnownFileType = text.plist.xml; path = "ClubHubTests-Info.plist"; sourceTree = "<group>"; };
		C4F303E11960302B00EC723F /* en */ = {isa = PBXFileReference; lastKnownFileType = text.plist.strings; name = en; path = en.lproj/InfoPlist.strings; sourceTree = "<group>"; };
		C4F303E31960302B00EC723F /* ClubHubTests.m */ = {isa = PBXFileReference; lastKnownFileType = sourcecode.c.objc; path = ClubHubTests.m; sourceTree = "<group>"; };
		C4F303ED1960312800EC723F /* JCLogInViewController.h */ = {isa = PBXFileReference; fileEncoding = 4; lastKnownFileType = sourcecode.c.h; path = JCLogInViewController.h; sourceTree = "<group>"; };
		C4F303EE1960312800EC723F /* JCLogInViewController.m */ = {isa = PBXFileReference; fileEncoding = 4; lastKnownFileType = sourcecode.c.objc; path = JCLogInViewController.m; sourceTree = "<group>"; };
		C4F303F01960444D00EC723F /* JCRegisterViewController.h */ = {isa = PBXFileReference; fileEncoding = 4; lastKnownFileType = sourcecode.c.h; path = JCRegisterViewController.h; sourceTree = "<group>"; };
		C4F303F11960444D00EC723F /* JCRegisterViewController.m */ = {isa = PBXFileReference; fileEncoding = 4; lastKnownFileType = sourcecode.c.objc; path = JCRegisterViewController.m; sourceTree = "<group>"; };
		C4F303F319604D4700EC723F /* Parse.framework */ = {isa = PBXFileReference; lastKnownFileType = wrapper.framework; path = Parse.framework; sourceTree = "<group>"; };
		C4F303F519604D9400EC723F /* AudioToolbox.framework */ = {isa = PBXFileReference; lastKnownFileType = wrapper.framework; name = AudioToolbox.framework; path = System/Library/Frameworks/AudioToolbox.framework; sourceTree = SDKROOT; };
		C4F303F719604D9E00EC723F /* CFNetwork.framework */ = {isa = PBXFileReference; lastKnownFileType = wrapper.framework; name = CFNetwork.framework; path = System/Library/Frameworks/CFNetwork.framework; sourceTree = SDKROOT; };
		C4F303F919604DAF00EC723F /* CoreLocation.framework */ = {isa = PBXFileReference; lastKnownFileType = wrapper.framework; name = CoreLocation.framework; path = System/Library/Frameworks/CoreLocation.framework; sourceTree = SDKROOT; };
		C4F303FB19604DB900EC723F /* libz.dylib */ = {isa = PBXFileReference; lastKnownFileType = "compiled.mach-o.dylib"; name = libz.dylib; path = usr/lib/libz.dylib; sourceTree = SDKROOT; };
		C4F303FD19604DC200EC723F /* MobileCoreServices.framework */ = {isa = PBXFileReference; lastKnownFileType = wrapper.framework; name = MobileCoreServices.framework; path = System/Library/Frameworks/MobileCoreServices.framework; sourceTree = SDKROOT; };
		C4F303FF19604DCB00EC723F /* QuartzCore.framework */ = {isa = PBXFileReference; lastKnownFileType = wrapper.framework; name = QuartzCore.framework; path = System/Library/Frameworks/QuartzCore.framework; sourceTree = SDKROOT; };
		C4F3040119604DD200EC723F /* Security.framework */ = {isa = PBXFileReference; lastKnownFileType = wrapper.framework; name = Security.framework; path = System/Library/Frameworks/Security.framework; sourceTree = SDKROOT; };
		C4F3040319604DD900EC723F /* StoreKit.framework */ = {isa = PBXFileReference; lastKnownFileType = wrapper.framework; name = StoreKit.framework; path = System/Library/Frameworks/StoreKit.framework; sourceTree = SDKROOT; };
		C4F3040519604DE300EC723F /* SystemConfiguration.framework */ = {isa = PBXFileReference; lastKnownFileType = wrapper.framework; name = SystemConfiguration.framework; path = System/Library/Frameworks/SystemConfiguration.framework; sourceTree = SDKROOT; };
		C4F3040A196070E900EC723F /* JCClubTableViewController.h */ = {isa = PBXFileReference; fileEncoding = 4; lastKnownFileType = sourcecode.c.h; path = JCClubTableViewController.h; sourceTree = "<group>"; };
		C4F3040B196070E900EC723F /* JCClubTableViewController.m */ = {isa = PBXFileReference; fileEncoding = 4; lastKnownFileType = sourcecode.c.objc; path = JCClubTableViewController.m; sourceTree = "<group>"; };
		C4F3040D196075B300EC723F /* JCEventTableViewController.h */ = {isa = PBXFileReference; fileEncoding = 4; lastKnownFileType = sourcecode.c.h; path = JCEventTableViewController.h; sourceTree = "<group>"; };
		C4F3040E196075B300EC723F /* JCEventTableViewController.m */ = {isa = PBXFileReference; fileEncoding = 4; lastKnownFileType = sourcecode.c.objc; path = JCEventTableViewController.m; sourceTree = "<group>"; };
		C4F3041019607A6500EC723F /* JCClubDetailViewController.h */ = {isa = PBXFileReference; fileEncoding = 4; lastKnownFileType = sourcecode.c.h; path = JCClubDetailViewController.h; sourceTree = "<group>"; };
		C4F3041119607A6500EC723F /* JCClubDetailViewController.m */ = {isa = PBXFileReference; fileEncoding = 4; lastKnownFileType = sourcecode.c.objc; path = JCClubDetailViewController.m; sourceTree = "<group>"; };
		C4F3041619607B1E00EC723F /* JCClubTableViewCell.h */ = {isa = PBXFileReference; fileEncoding = 4; lastKnownFileType = sourcecode.c.h; path = JCClubTableViewCell.h; sourceTree = "<group>"; };
		C4F3041719607B1E00EC723F /* JCClubTableViewCell.m */ = {isa = PBXFileReference; fileEncoding = 4; lastKnownFileType = sourcecode.c.objc; path = JCClubTableViewCell.m; sourceTree = "<group>"; };
		C4F3041D1961354400EC723F /* JCEventDetailViewController.h */ = {isa = PBXFileReference; fileEncoding = 4; lastKnownFileType = sourcecode.c.h; path = JCEventDetailViewController.h; sourceTree = "<group>"; };
		C4F3041E1961354400EC723F /* JCEventDetailViewController.m */ = {isa = PBXFileReference; fileEncoding = 4; lastKnownFileType = sourcecode.c.objc; path = JCEventDetailViewController.m; sourceTree = "<group>"; };
		C4F3042019613AB800EC723F /* JCEventTableViewCell.h */ = {isa = PBXFileReference; fileEncoding = 4; lastKnownFileType = sourcecode.c.h; path = JCEventTableViewCell.h; sourceTree = "<group>"; };
		C4F3042119613AB800EC723F /* JCEventTableViewCell.m */ = {isa = PBXFileReference; fileEncoding = 4; lastKnownFileType = sourcecode.c.objc; path = JCEventTableViewCell.m; sourceTree = "<group>"; };
/* End PBXFileReference section */

/* Begin PBXFrameworksBuildPhase section */
		C4F303B21960302B00EC723F /* Frameworks */ = {
			isa = PBXFrameworksBuildPhase;
			buildActionMask = 2147483647;
			files = (
				C4F3040619604DE300EC723F /* SystemConfiguration.framework in Frameworks */,
				C4F3040419604DDA00EC723F /* StoreKit.framework in Frameworks */,
				C4F3040219604DD200EC723F /* Security.framework in Frameworks */,
				C4F3040019604DCB00EC723F /* QuartzCore.framework in Frameworks */,
				C4F303FE19604DC200EC723F /* MobileCoreServices.framework in Frameworks */,
				C4F303FC19604DB900EC723F /* libz.dylib in Frameworks */,
				C4F303FA19604DAF00EC723F /* CoreLocation.framework in Frameworks */,
				C4F303BB1960302B00EC723F /* CoreGraphics.framework in Frameworks */,
				C4F303F819604D9E00EC723F /* CFNetwork.framework in Frameworks */,
				C4F303F619604D9400EC723F /* AudioToolbox.framework in Frameworks */,
				C4F303BD1960302B00EC723F /* UIKit.framework in Frameworks */,
				C4F303F419604D4700EC723F /* Parse.framework in Frameworks */,
				C4F303B91960302B00EC723F /* Foundation.framework in Frameworks */,
			);
			runOnlyForDeploymentPostprocessing = 0;
		};
		C4F303D31960302B00EC723F /* Frameworks */ = {
			isa = PBXFrameworksBuildPhase;
			buildActionMask = 2147483647;
			files = (
				C4F303D81960302B00EC723F /* XCTest.framework in Frameworks */,
				C4F303DA1960302B00EC723F /* UIKit.framework in Frameworks */,
				C4F303D91960302B00EC723F /* Foundation.framework in Frameworks */,
			);
			runOnlyForDeploymentPostprocessing = 0;
		};
/* End PBXFrameworksBuildPhase section */

/* Begin PBXGroup section */
		C481098A1983222E0097E5FD /* Post&Commment */ = {
			isa = PBXGroup;
			children = (
				C481098E198328610097E5FD /* JCPostCreateViewController.h */,
				C481098F198328610097E5FD /* JCPostCreateViewController.m */,
				C4810994198378BF0097E5FD /* JCPostTableViewCell.h */,
				C4810995198378BF0097E5FD /* JCPostTableViewCell.m */,
			);
			name = "Post&Commment";
			sourceTree = "<group>";
		};
		C4D697AF1969585C007C5370 /* Library */ = {
			isa = PBXGroup;
			children = (
				C4810975198245CD0097E5FD /* NSMutableArray+SWUtilityButtons.h */,
				C4810976198245CD0097E5FD /* NSMutableArray+SWUtilityButtons.m */,
				C4810977198245CD0097E5FD /* SWCellScrollView.h */,
				C4810978198245CD0097E5FD /* SWCellScrollView.m */,
				C4810979198245CD0097E5FD /* SWLongPressGestureRecognizer.h */,
				C481097A198245CD0097E5FD /* SWLongPressGestureRecognizer.m */,
				C481097B198245CD0097E5FD /* SWTableViewCell.h */,
				C481097C198245CD0097E5FD /* SWTableViewCell.m */,
				C481097D198245CD0097E5FD /* SWUtilityButtonTapGestureRecognizer.h */,
				C481097E198245CD0097E5FD /* SWUtilityButtonTapGestureRecognizer.m */,
				C481097F198245CD0097E5FD /* SWUtilityButtonView.h */,
				C4810980198245CD0097E5FD /* SWUtilityButtonView.m */,
				C4D698E31969C338007C5370 /* SWRevealViewController.h */,
				C4D698E41969C338007C5370 /* SWRevealViewController.m */,
			);
			name = Library;
			path = ClubHub;
			sourceTree = "<group>";
		};
		C4F303AC1960302B00EC723F = {
			isa = PBXGroup;
			children = (
				C4F303BE1960302B00EC723F /* ClubHub */,
				C4F303DD1960302B00EC723F /* ClubHubTests */,
				C4F303B71960302B00EC723F /* Frameworks */,
				C4F303B61960302B00EC723F /* Products */,
				C4D697AF1969585C007C5370 /* Library */,
			);
			sourceTree = "<group>";
		};
		C4F303B61960302B00EC723F /* Products */ = {
			isa = PBXGroup;
			children = (
				C4F303B51960302B00EC723F /* ClubHub.app */,
				C4F303D61960302B00EC723F /* ClubHubTests.xctest */,
			);
			name = Products;
			sourceTree = "<group>";
		};
		C4F303B71960302B00EC723F /* Frameworks */ = {
			isa = PBXGroup;
			children = (
				C4F3040519604DE300EC723F /* SystemConfiguration.framework */,
				C4F3040319604DD900EC723F /* StoreKit.framework */,
				C4F3040119604DD200EC723F /* Security.framework */,
				C4F303FF19604DCB00EC723F /* QuartzCore.framework */,
				C4F303FD19604DC200EC723F /* MobileCoreServices.framework */,
				C4F303FB19604DB900EC723F /* libz.dylib */,
				C4F303F919604DAF00EC723F /* CoreLocation.framework */,
				C4F303F719604D9E00EC723F /* CFNetwork.framework */,
				C4F303F519604D9400EC723F /* AudioToolbox.framework */,
				C4F303F319604D4700EC723F /* Parse.framework */,
				C4F303B81960302B00EC723F /* Foundation.framework */,
				C4F303BA1960302B00EC723F /* CoreGraphics.framework */,
				C4F303BC1960302B00EC723F /* UIKit.framework */,
				C4F303D71960302B00EC723F /* XCTest.framework */,
			);
			name = Frameworks;
			sourceTree = "<group>";
		};
		C4F303BE1960302B00EC723F /* ClubHub */ = {
			isa = PBXGroup;
			children = (
				C4F303CA1960302B00EC723F /* Main.storyboard */,
				C4A47111196B4E9700C9C31B /* JCAdminTableViewController.h */,
				C4A47112196B4E9700C9C31B /* JCAdminTableViewController.m */,
				C4D698E01969BE9C007C5370 /* JCCopyrightViewController.h */,
				C4D698E11969BE9C007C5370 /* JCCopyrightViewController.m */,
				C4D698DD1969A8B9007C5370 /* JCMenuTableViewController.h */,
				C4D698DE1969A8B9007C5370 /* JCMenuTableViewController.m */,
				C4F304191961348100EC723F /* LogIn&Register */,
				C4F3041B196134C700EC723F /* ClubViewController */,
				C4F3041C196134F300EC723F /* EventViewController */,
				C481098A1983222E0097E5FD /* Post&Commment */,
				C4F303D01960302B00EC723F /* Images.xcassets */,
				C4F303BF1960302B00EC723F /* Supporting Files */,
			);
			path = ClubHub;
			sourceTree = "<group>";
		};
		C4F303BF1960302B00EC723F /* Supporting Files */ = {
			isa = PBXGroup;
			children = (
				C4F303C71960302B00EC723F /* JCAppDelegate.h */,
				C4F303C81960302B00EC723F /* JCAppDelegate.m */,
				C4F303C01960302B00EC723F /* ClubHub-Info.plist */,
				C4F303C11960302B00EC723F /* InfoPlist.strings */,
				C4F303C41960302B00EC723F /* main.m */,
				C4F303C61960302B00EC723F /* ClubHub-Prefix.pch */,
				C43050E4198040110056E353 /* Club.h */,
				C43050E5198040110056E353 /* Club.m */,
				C43050EA1980417B0056E353 /* Event.h */,
				C43050EB1980417B0056E353 /* Event.m */,
				C43050E7198041680056E353 /* School.h */,
				C43050E8198041680056E353 /* School.m */,
			);
			name = "Supporting Files";
			sourceTree = "<group>";
		};
		C4F303DD1960302B00EC723F /* ClubHubTests */ = {
			isa = PBXGroup;
			children = (
				C4D23B901962C3F500F3C7C3 /* JCClubBuildViewControllerTests.m */,
				C4D23B8B1962857500F3C7C3 /* JCBasicFunctionsTests.m */,
				C4F303E31960302B00EC723F /* ClubHubTests.m */,
				C4F303DE1960302B00EC723F /* Supporting Files */,
			);
			path = ClubHubTests;
			sourceTree = "<group>";
		};
		C4F303DE1960302B00EC723F /* Supporting Files */ = {
			isa = PBXGroup;
			children = (
				C4F303DF1960302B00EC723F /* ClubHubTests-Info.plist */,
				C4F303E01960302B00EC723F /* InfoPlist.strings */,
			);
			name = "Supporting Files";
			sourceTree = "<group>";
		};
		C4F304191961348100EC723F /* LogIn&Register */ = {
			isa = PBXGroup;
			children = (
				C4F303F01960444D00EC723F /* JCRegisterViewController.h */,
				C4F303F11960444D00EC723F /* JCRegisterViewController.m */,
				C4D23B861962796A00F3C7C3 /* JCSchoolForRegister.h */,
				C4D23B871962796A00F3C7C3 /* JCSchoolForRegister.m */,
				C4F303ED1960312800EC723F /* JCLogInViewController.h */,
				C4F303EE1960312800EC723F /* JCLogInViewController.m */,
			);
			name = "LogIn&Register";
			sourceTree = "<group>";
		};
		C4F3041B196134C700EC723F /* ClubViewController */ = {
			isa = PBXGroup;
			children = (
				C4486A9B1969D01C002A0AAF /* JCAllClubsTableViewController.h */,
				C4486A9C1969D01C002A0AAF /* JCAllClubsTableViewController.m */,
				C4F3040A196070E900EC723F /* JCClubTableViewController.h */,
				C4F3040B196070E900EC723F /* JCClubTableViewController.m */,
				C4F3041619607B1E00EC723F /* JCClubTableViewCell.h */,
				C4F3041719607B1E00EC723F /* JCClubTableViewCell.m */,
				C4F3041019607A6500EC723F /* JCClubDetailViewController.h */,
				C4F3041119607A6500EC723F /* JCClubDetailViewController.m */,
				C4D23B8D19629F7600F3C7C3 /* JCClubBuildViewController.h */,
				C4D23B8E19629F7600F3C7C3 /* JCClubBuildViewController.m */,
				C41806F4196D746A00A4CFD4 /* JCClubBuildDetailViewController.h */,
				C41806F5196D746A00A4CFD4 /* JCClubBuildDetailViewController.m */,
				C4BF67FF1978EF4C00D274FC /* JCClubEditViewController.h */,
				C4BF68001978EF4C00D274FC /* JCClubEditViewController.m */,
				C4A39D3619642D1A00F8203F /* JCPickClubTableViewController.h */,
				C4A39D3719642D1A00F8203F /* JCPickClubTableViewController.m */,
			);
			name = ClubViewController;
			sourceTree = "<group>";
		};
		C4F3041C196134F300EC723F /* EventViewController */ = {
			isa = PBXGroup;
			children = (
				C4486A9E1969D493002A0AAF /* JCAllEventsTableViewController.h */,
				C4486A9F1969D493002A0AAF /* JCAllEventsTableViewController.m */,
				C4F3040D196075B300EC723F /* JCEventTableViewController.h */,
				C4F3040E196075B300EC723F /* JCEventTableViewController.m */,
				C4F3042019613AB800EC723F /* JCEventTableViewCell.h */,
				C4F3042119613AB800EC723F /* JCEventTableViewCell.m */,
				C4F3041D1961354400EC723F /* JCEventDetailViewController.h */,
				C4F3041E1961354400EC723F /* JCEventDetailViewController.m */,
				C492CC48196D835500D98E94 /* JCEventEditViewController.h */,
				C492CC49196D835500D98E94 /* JCEventEditViewController.m */,
				C4A39D301964076900F8203F /* JCEventCreateViewController.h */,
				C4A39D311964076900F8203F /* JCEventCreateViewController.m */,
			);
			name = EventViewController;
			sourceTree = "<group>";
		};
/* End PBXGroup section */

/* Begin PBXNativeTarget section */
		C4F303B41960302B00EC723F /* ClubHub */ = {
			isa = PBXNativeTarget;
			buildConfigurationList = C4F303E71960302B00EC723F /* Build configuration list for PBXNativeTarget "ClubHub" */;
			buildPhases = (
				C4F303B11960302B00EC723F /* Sources */,
				C4F303B21960302B00EC723F /* Frameworks */,
				C4F303B31960302B00EC723F /* Resources */,
			);
			buildRules = (
			);
			dependencies = (
			);
			name = ClubHub;
			productName = ClubHub;
			productReference = C4F303B51960302B00EC723F /* ClubHub.app */;
			productType = "com.apple.product-type.application";
		};
		C4F303D51960302B00EC723F /* ClubHubTests */ = {
			isa = PBXNativeTarget;
			buildConfigurationList = C4F303EA1960302B00EC723F /* Build configuration list for PBXNativeTarget "ClubHubTests" */;
			buildPhases = (
				C4F303D21960302B00EC723F /* Sources */,
				C4F303D31960302B00EC723F /* Frameworks */,
				C4F303D41960302B00EC723F /* Resources */,
			);
			buildRules = (
			);
			dependencies = (
				C4F303DC1960302B00EC723F /* PBXTargetDependency */,
			);
			name = ClubHubTests;
			productName = ClubHubTests;
			productReference = C4F303D61960302B00EC723F /* ClubHubTests.xctest */;
			productType = "com.apple.product-type.bundle.unit-test";
		};
/* End PBXNativeTarget section */

/* Begin PBXProject section */
		C4F303AD1960302B00EC723F /* Project object */ = {
			isa = PBXProject;
			attributes = {
				CLASSPREFIX = JC;
				LastUpgradeCheck = 0510;
				ORGANIZATIONNAME = JC;
				TargetAttributes = {
					C4F303D51960302B00EC723F = {
						TestTargetID = C4F303B41960302B00EC723F;
					};
				};
			};
			buildConfigurationList = C4F303B01960302B00EC723F /* Build configuration list for PBXProject "ClubHub" */;
			compatibilityVersion = "Xcode 3.2";
			developmentRegion = English;
			hasScannedForEncodings = 0;
			knownRegions = (
				en,
				Base,
			);
			mainGroup = C4F303AC1960302B00EC723F;
			productRefGroup = C4F303B61960302B00EC723F /* Products */;
			projectDirPath = "";
			projectRoot = "";
			targets = (
				C4F303B41960302B00EC723F /* ClubHub */,
				C4F303D51960302B00EC723F /* ClubHubTests */,
			);
		};
/* End PBXProject section */

/* Begin PBXResourcesBuildPhase section */
		C4F303B31960302B00EC723F /* Resources */ = {
			isa = PBXResourcesBuildPhase;
			buildActionMask = 2147483647;
			files = (
				C4F303D11960302B00EC723F /* Images.xcassets in Resources */,
				C4F303C31960302B00EC723F /* InfoPlist.strings in Resources */,
				C4F303CC1960302B00EC723F /* Main.storyboard in Resources */,
			);
			runOnlyForDeploymentPostprocessing = 0;
		};
		C4F303D41960302B00EC723F /* Resources */ = {
			isa = PBXResourcesBuildPhase;
			buildActionMask = 2147483647;
			files = (
				C4F303E21960302B00EC723F /* InfoPlist.strings in Resources */,
			);
			runOnlyForDeploymentPostprocessing = 0;
		};
/* End PBXResourcesBuildPhase section */

/* Begin PBXSourcesBuildPhase section */
		C4F303B11960302B00EC723F /* Sources */ = {
			isa = PBXSourcesBuildPhase;
			buildActionMask = 2147483647;
			files = (
				C4F3040C196070E900EC723F /* JCClubTableViewController.m in Sources */,
				C41806F6196D746A00A4CFD4 /* JCClubBuildDetailViewController.m in Sources */,
				C4F3042219613AB800EC723F /* JCEventTableViewCell.m in Sources */,
				C4486A9D1969D01C002A0AAF /* JCAllClubsTableViewController.m in Sources */,
				C4810996198378BF0097E5FD /* JCPostTableViewCell.m in Sources */,
				C4F3040F196075B300EC723F /* JCEventTableViewController.m in Sources */,
				C4810986198245CD0097E5FD /* SWUtilityButtonView.m in Sources */,
				C4810982198245CD0097E5FD /* SWCellScrollView.m in Sources */,
				C4810990198328610097E5FD /* JCPostCreateViewController.m in Sources */,
				C4F3041819607B1E00EC723F /* JCClubTableViewCell.m in Sources */,
				C4F303C51960302B00EC723F /* main.m in Sources */,
				C4A39D321964076900F8203F /* JCEventCreateViewController.m in Sources */,
				C4810981198245CD0097E5FD /* NSMutableArray+SWUtilityButtons.m in Sources */,
				C4810983198245CD0097E5FD /* SWLongPressGestureRecognizer.m in Sources */,
				C4810984198245CD0097E5FD /* SWTableViewCell.m in Sources */,
				C4F3041219607A6500EC723F /* JCClubDetailViewController.m in Sources */,
				C4A47113196B4E9700C9C31B /* JCAdminTableViewController.m in Sources */,
				C492CC4A196D835500D98E94 /* JCEventEditViewController.m in Sources */,
				C4BF68011978EF4C00D274FC /* JCClubEditViewController.m in Sources */,
				C4F303C91960302B00EC723F /* JCAppDelegate.m in Sources */,
				C4F303F21960444D00EC723F /* JCRegisterViewController.m in Sources */,
				C4810985198245CD0097E5FD /* SWUtilityButtonTapGestureRecognizer.m in Sources */,
				C4D23B8F19629F7600F3C7C3 /* JCClubBuildViewController.m in Sources */,
				C4F303EF1960312800EC723F /* JCLogInViewController.m in Sources */,
				C43050EC1980417B0056E353 /* Event.m in Sources */,
				C4D698E51969C338007C5370 /* SWRevealViewController.m in Sources */,
				C4486AA01969D493002A0AAF /* JCAllEventsTableViewController.m in Sources */,
				C4F3041F1961354400EC723F /* JCEventDetailViewController.m in Sources */,
				C4D23B881962796A00F3C7C3 /* JCSchoolForRegister.m in Sources */,
				C4A39D3819642D1A00F8203F /* JCPickClubTableViewController.m in Sources */,
				C43050E9198041680056E353 /* School.m in Sources */,
				C4D698E21969BE9C007C5370 /* JCCopyrightViewController.m in Sources */,
				C4D698DF1969A8B9007C5370 /* JCMenuTableViewController.m in Sources */,
				C43050E6198040110056E353 /* Club.m in Sources */,
			);
			runOnlyForDeploymentPostprocessing = 0;
		};
		C4F303D21960302B00EC723F /* Sources */ = {
			isa = PBXSourcesBuildPhase;
			buildActionMask = 2147483647;
			files = (
				C4F303E41960302B00EC723F /* ClubHubTests.m in Sources */,
				C4D23B8C1962857500F3C7C3 /* JCBasicFunctionsTests.m in Sources */,
				C4D23B911962C3F500F3C7C3 /* JCClubBuildViewControllerTests.m in Sources */,
			);
			runOnlyForDeploymentPostprocessing = 0;
		};
/* End PBXSourcesBuildPhase section */

/* Begin PBXTargetDependency section */
		C4F303DC1960302B00EC723F /* PBXTargetDependency */ = {
			isa = PBXTargetDependency;
			target = C4F303B41960302B00EC723F /* ClubHub */;
			targetProxy = C4F303DB1960302B00EC723F /* PBXContainerItemProxy */;
		};
/* End PBXTargetDependency section */

/* Begin PBXVariantGroup section */
		C4F303C11960302B00EC723F /* InfoPlist.strings */ = {
			isa = PBXVariantGroup;
			children = (
				C4F303C21960302B00EC723F /* en */,
			);
			name = InfoPlist.strings;
			sourceTree = "<group>";
		};
		C4F303CA1960302B00EC723F /* Main.storyboard */ = {
			isa = PBXVariantGroup;
			children = (
				C4F303CB1960302B00EC723F /* Base */,
			);
			name = Main.storyboard;
			sourceTree = "<group>";
		};
		C4F303E01960302B00EC723F /* InfoPlist.strings */ = {
			isa = PBXVariantGroup;
			children = (
				C4F303E11960302B00EC723F /* en */,
			);
			name = InfoPlist.strings;
			sourceTree = "<group>";
		};
/* End PBXVariantGroup section */

/* Begin XCBuildConfiguration section */
		C4F303E51960302B00EC723F /* Debug */ = {
			isa = XCBuildConfiguration;
			buildSettings = {
				ALWAYS_SEARCH_USER_PATHS = NO;
				CLANG_CXX_LANGUAGE_STANDARD = "gnu++0x";
				CLANG_CXX_LIBRARY = "libc++";
				CLANG_ENABLE_MODULES = YES;
				CLANG_ENABLE_OBJC_ARC = YES;
				CLANG_WARN_BOOL_CONVERSION = YES;
				CLANG_WARN_CONSTANT_CONVERSION = YES;
				CLANG_WARN_DIRECT_OBJC_ISA_USAGE = YES_ERROR;
				CLANG_WARN_EMPTY_BODY = YES;
				CLANG_WARN_ENUM_CONVERSION = YES;
				CLANG_WARN_INT_CONVERSION = YES;
				CLANG_WARN_OBJC_ROOT_CLASS = YES_ERROR;
				CLANG_WARN__DUPLICATE_METHOD_MATCH = YES;
				"CODE_SIGN_IDENTITY[sdk=iphoneos*]" = "iPhone Developer";
				COPY_PHASE_STRIP = NO;
				GCC_C_LANGUAGE_STANDARD = gnu99;
				GCC_DYNAMIC_NO_PIC = NO;
				GCC_OPTIMIZATION_LEVEL = 0;
				GCC_PREPROCESSOR_DEFINITIONS = (
					"DEBUG=1",
					"$(inherited)",
				);
				GCC_SYMBOLS_PRIVATE_EXTERN = NO;
				GCC_WARN_64_TO_32_BIT_CONVERSION = YES;
				GCC_WARN_ABOUT_RETURN_TYPE = YES_ERROR;
				GCC_WARN_UNDECLARED_SELECTOR = YES;
				GCC_WARN_UNINITIALIZED_AUTOS = YES_AGGRESSIVE;
				GCC_WARN_UNUSED_FUNCTION = YES;
				GCC_WARN_UNUSED_VARIABLE = YES;
				IPHONEOS_DEPLOYMENT_TARGET = 7.1;
				ONLY_ACTIVE_ARCH = YES;
				SDKROOT = iphoneos;
			};
			name = Debug;
		};
		C4F303E61960302B00EC723F /* Release */ = {
			isa = XCBuildConfiguration;
			buildSettings = {
				ALWAYS_SEARCH_USER_PATHS = NO;
				CLANG_CXX_LANGUAGE_STANDARD = "gnu++0x";
				CLANG_CXX_LIBRARY = "libc++";
				CLANG_ENABLE_MODULES = YES;
				CLANG_ENABLE_OBJC_ARC = YES;
				CLANG_WARN_BOOL_CONVERSION = YES;
				CLANG_WARN_CONSTANT_CONVERSION = YES;
				CLANG_WARN_DIRECT_OBJC_ISA_USAGE = YES_ERROR;
				CLANG_WARN_EMPTY_BODY = YES;
				CLANG_WARN_ENUM_CONVERSION = YES;
				CLANG_WARN_INT_CONVERSION = YES;
				CLANG_WARN_OBJC_ROOT_CLASS = YES_ERROR;
				CLANG_WARN__DUPLICATE_METHOD_MATCH = YES;
				"CODE_SIGN_IDENTITY[sdk=iphoneos*]" = "iPhone Developer";
				COPY_PHASE_STRIP = YES;
				ENABLE_NS_ASSERTIONS = NO;
				GCC_C_LANGUAGE_STANDARD = gnu99;
				GCC_WARN_64_TO_32_BIT_CONVERSION = YES;
				GCC_WARN_ABOUT_RETURN_TYPE = YES_ERROR;
				GCC_WARN_UNDECLARED_SELECTOR = YES;
				GCC_WARN_UNINITIALIZED_AUTOS = YES_AGGRESSIVE;
				GCC_WARN_UNUSED_FUNCTION = YES;
				GCC_WARN_UNUSED_VARIABLE = YES;
				IPHONEOS_DEPLOYMENT_TARGET = 7.1;
				SDKROOT = iphoneos;
				VALIDATE_PRODUCT = YES;
			};
			name = Release;
		};
		C4F303E81960302B00EC723F /* Debug */ = {
			isa = XCBuildConfiguration;
			buildSettings = {
				ASSETCATALOG_COMPILER_APPICON_NAME = AppIcon;
				ASSETCATALOG_COMPILER_LAUNCHIMAGE_NAME = LaunchImage;
				FRAMEWORK_SEARCH_PATHS = (
					"$(inherited)",
					"$(PROJECT_DIR)",
				);
				GCC_PRECOMPILE_PREFIX_HEADER = YES;
				GCC_PREFIX_HEADER = "ClubHub/ClubHub-Prefix.pch";
				INFOPLIST_FILE = "ClubHub/ClubHub-Info.plist";
				PRODUCT_NAME = "$(TARGET_NAME)";
				WRAPPER_EXTENSION = app;
			};
			name = Debug;
		};
		C4F303E91960302B00EC723F /* Release */ = {
			isa = XCBuildConfiguration;
			buildSettings = {
				ASSETCATALOG_COMPILER_APPICON_NAME = AppIcon;
				ASSETCATALOG_COMPILER_LAUNCHIMAGE_NAME = LaunchImage;
				FRAMEWORK_SEARCH_PATHS = (
					"$(inherited)",
					"$(PROJECT_DIR)",
				);
				GCC_PRECOMPILE_PREFIX_HEADER = YES;
				GCC_PREFIX_HEADER = "ClubHub/ClubHub-Prefix.pch";
				INFOPLIST_FILE = "ClubHub/ClubHub-Info.plist";
				PRODUCT_NAME = "$(TARGET_NAME)";
				WRAPPER_EXTENSION = app;
			};
			name = Release;
		};
		C4F303EB1960302B00EC723F /* Debug */ = {
			isa = XCBuildConfiguration;
			buildSettings = {
				BUNDLE_LOADER = "$(BUILT_PRODUCTS_DIR)/ClubHub.app/ClubHub";
				FRAMEWORK_SEARCH_PATHS = (
					"$(SDKROOT)/Developer/Library/Frameworks",
					"$(inherited)",
					"$(DEVELOPER_FRAMEWORKS_DIR)",
				);
				GCC_PRECOMPILE_PREFIX_HEADER = YES;
				GCC_PREFIX_HEADER = "ClubHub/ClubHub-Prefix.pch";
				GCC_PREPROCESSOR_DEFINITIONS = (
					"DEBUG=1",
					"$(inherited)",
				);
				INFOPLIST_FILE = "ClubHubTests/ClubHubTests-Info.plist";
				PRODUCT_NAME = "$(TARGET_NAME)";
				TEST_HOST = "$(BUNDLE_LOADER)";
				WRAPPER_EXTENSION = xctest;
			};
			name = Debug;
		};
		C4F303EC1960302B00EC723F /* Release */ = {
			isa = XCBuildConfiguration;
			buildSettings = {
				BUNDLE_LOADER = "$(BUILT_PRODUCTS_DIR)/ClubHub.app/ClubHub";
				FRAMEWORK_SEARCH_PATHS = (
					"$(SDKROOT)/Developer/Library/Frameworks",
					"$(inherited)",
					"$(DEVELOPER_FRAMEWORKS_DIR)",
				);
				GCC_PRECOMPILE_PREFIX_HEADER = YES;
				GCC_PREFIX_HEADER = "ClubHub/ClubHub-Prefix.pch";
				INFOPLIST_FILE = "ClubHubTests/ClubHubTests-Info.plist";
				PRODUCT_NAME = "$(TARGET_NAME)";
				TEST_HOST = "$(BUNDLE_LOADER)";
				WRAPPER_EXTENSION = xctest;
			};
			name = Release;
		};
/* End XCBuildConfiguration section */

/* Begin XCConfigurationList section */
		C4F303B01960302B00EC723F /* Build configuration list for PBXProject "ClubHub" */ = {
			isa = XCConfigurationList;
			buildConfigurations = (
				C4F303E51960302B00EC723F /* Debug */,
				C4F303E61960302B00EC723F /* Release */,
			);
			defaultConfigurationIsVisible = 0;
			defaultConfigurationName = Release;
		};
		C4F303E71960302B00EC723F /* Build configuration list for PBXNativeTarget "ClubHub" */ = {
			isa = XCConfigurationList;
			buildConfigurations = (
				C4F303E81960302B00EC723F /* Debug */,
				C4F303E91960302B00EC723F /* Release */,
			);
			defaultConfigurationIsVisible = 0;
			defaultConfigurationName = Release;
		};
		C4F303EA1960302B00EC723F /* Build configuration list for PBXNativeTarget "ClubHubTests" */ = {
			isa = XCConfigurationList;
			buildConfigurations = (
				C4F303EB1960302B00EC723F /* Debug */,
				C4F303EC1960302B00EC723F /* Release */,
			);
			defaultConfigurationIsVisible = 0;
			defaultConfigurationName = Release;
		};
/* End XCConfigurationList section */
	};
	rootObject = C4F303AD1960302B00EC723F /* Project object */;
}
